// !$*UTF8*$!
{
	archiveVersion = 1;
	classes = {
	};
	objectVersion = 60;
	objects = {

/* Begin PBXBuildFile section */
		E963AE162C27F19600EB6B44 /* AppertizersApp.swift in Sources */ = {isa = PBXBuildFile; fileRef = E963AE152C27F19600EB6B44 /* AppertizersApp.swift */; };
		E963AE182C27F19600EB6B44 /* AppertizersTabView.swift in Sources */ = {isa = PBXBuildFile; fileRef = E963AE172C27F19600EB6B44 /* AppertizersTabView.swift */; };
		E963AE1A2C27F19800EB6B44 /* Assets.xcassets in Resources */ = {isa = PBXBuildFile; fileRef = E963AE192C27F19800EB6B44 /* Assets.xcassets */; };
		E963AE1D2C27F19800EB6B44 /* Preview Assets.xcassets in Resources */ = {isa = PBXBuildFile; fileRef = E963AE1C2C27F19800EB6B44 /* Preview Assets.xcassets */; };
		E9D05EDF2C2805DF00F0BF7B /* AppertizersListView.swift in Sources */ = {isa = PBXBuildFile; fileRef = E9D05EDE2C2805DF00F0BF7B /* AppertizersListView.swift */; };
		E9D05EE12C2806BC00F0BF7B /* AccountView.swift in Sources */ = {isa = PBXBuildFile; fileRef = E9D05EE02C2806BC00F0BF7B /* AccountView.swift */; };
		E9D05EE32C28084500F0BF7B /* OrderView.swift in Sources */ = {isa = PBXBuildFile; fileRef = E9D05EE22C28084500F0BF7B /* OrderView.swift */; };
		E9D05EE52C2808C900F0BF7B /* Appertizer.swift in Sources */ = {isa = PBXBuildFile; fileRef = E9D05EE42C2808C900F0BF7B /* Appertizer.swift */; };
		E9D05EE72C28098A00F0BF7B /* MockData.swift in Sources */ = {isa = PBXBuildFile; fileRef = E9D05EE62C28098A00F0BF7B /* MockData.swift */; };
/* End PBXBuildFile section */

/* Begin PBXFileReference section */
		E963AE122C27F19600EB6B44 /* Appertizers.app */ = {isa = PBXFileReference; explicitFileType = wrapper.application; includeInIndex = 0; path = Appertizers.app; sourceTree = BUILT_PRODUCTS_DIR; };
		E963AE152C27F19600EB6B44 /* AppertizersApp.swift */ = {isa = PBXFileReference; lastKnownFileType = sourcecode.swift; path = AppertizersApp.swift; sourceTree = "<group>"; };
		E963AE172C27F19600EB6B44 /* AppertizersTabView.swift */ = {isa = PBXFileReference; lastKnownFileType = sourcecode.swift; path = AppertizersTabView.swift; sourceTree = "<group>"; };
		E963AE192C27F19800EB6B44 /* Assets.xcassets */ = {isa = PBXFileReference; lastKnownFileType = folder.assetcatalog; path = Assets.xcassets; sourceTree = "<group>"; };
		E963AE1C2C27F19800EB6B44 /* Preview Assets.xcassets */ = {isa = PBXFileReference; lastKnownFileType = folder.assetcatalog; path = "Preview Assets.xcassets"; sourceTree = "<group>"; };
		E9D05EDE2C2805DF00F0BF7B /* AppertizersListView.swift */ = {isa = PBXFileReference; lastKnownFileType = sourcecode.swift; path = AppertizersListView.swift; sourceTree = "<group>"; };
		E9D05EE02C2806BC00F0BF7B /* AccountView.swift */ = {isa = PBXFileReference; lastKnownFileType = sourcecode.swift; path = AccountView.swift; sourceTree = "<group>"; };
		E9D05EE22C28084500F0BF7B /* OrderView.swift */ = {isa = PBXFileReference; lastKnownFileType = sourcecode.swift; path = OrderView.swift; sourceTree = "<group>"; };
		E9D05EE42C2808C900F0BF7B /* Appertizer.swift */ = {isa = PBXFileReference; lastKnownFileType = sourcecode.swift; path = Appertizer.swift; sourceTree = "<group>"; };
		E9D05EE62C28098A00F0BF7B /* MockData.swift */ = {isa = PBXFileReference; lastKnownFileType = sourcecode.swift; path = MockData.swift; sourceTree = "<group>"; };
/* End PBXFileReference section */

/* Begin PBXFrameworksBuildPhase section */
		E963AE0F2C27F19600EB6B44 /* Frameworks */ = {
			isa = PBXFrameworksBuildPhase;
			buildActionMask = 2147483647;
			files = (
			);
			runOnlyForDeploymentPostprocessing = 0;
		};
/* End PBXFrameworksBuildPhase section */

/* Begin PBXGroup section */
		E963AE092C27F19600EB6B44 = {
			isa = PBXGroup;
			children = (
				E963AE142C27F19600EB6B44 /* Appertizers */,
				E963AE132C27F19600EB6B44 /* Products */,
			);
			sourceTree = "<group>";
		};
		E963AE132C27F19600EB6B44 /* Products */ = {
			isa = PBXGroup;
			children = (
				E963AE122C27F19600EB6B44 /* Appertizers.app */,
			);
			name = Products;
			sourceTree = "<group>";
		};
		E963AE142C27F19600EB6B44 /* Appertizers */ = {
			isa = PBXGroup;
			children = (
				E963AE152C27F19600EB6B44 /* AppertizersApp.swift */,
				E963AE172C27F19600EB6B44 /* AppertizersTabView.swift */,
				E963AE192C27F19800EB6B44 /* Assets.xcassets */,
				E963AE1B2C27F19800EB6B44 /* Preview Content */,
				E9D05EDE2C2805DF00F0BF7B /* AppertizersListView.swift */,
				E9D05EE02C2806BC00F0BF7B /* AccountView.swift */,
				E9D05EE22C28084500F0BF7B /* OrderView.swift */,
				E9D05EE42C2808C900F0BF7B /* Appertizer.swift */,
				E9D05EE62C28098A00F0BF7B /* MockData.swift */,
			);
			path = Appertizers;
			sourceTree = "<group>";
		};
		E963AE1B2C27F19800EB6B44 /* Preview Content */ = {
			isa = PBXGroup;
			children = (
				E963AE1C2C27F19800EB6B44 /* Preview Assets.xcassets */,
			);
			path = "Preview Content";
			sourceTree = "<group>";
		};
/* End PBXGroup section */

/* Begin PBXNativeTarget section */
		E963AE112C27F19600EB6B44 /* Appertizers */ = {
			isa = PBXNativeTarget;
			buildConfigurationList = E963AE202C27F19800EB6B44 /* Build configuration list for PBXNativeTarget "Appertizers" */;
			buildPhases = (
				E963AE0E2C27F19600EB6B44 /* Sources */,
				E963AE0F2C27F19600EB6B44 /* Frameworks */,
				E963AE102C27F19600EB6B44 /* Resources */,
			);
			buildRules = (
			);
			dependencies = (
			);
			name = Appertizers;
			productName = Appertizers;
			productReference = E963AE122C27F19600EB6B44 /* Appertizers.app */;
			productType = "com.apple.product-type.application";
		};
/* End PBXNativeTarget section */

/* Begin PBXProject section */
		E963AE0A2C27F19600EB6B44 /* Project object */ = {
			isa = PBXProject;
			attributes = {
				BuildIndependentTargetsInParallel = 1;
				LastSwiftUpdateCheck = 1600;
				LastUpgradeCheck = 1600;
				TargetAttributes = {
					E963AE112C27F19600EB6B44 = {
						CreatedOnToolsVersion = 16.0;
					};
				};
			};
			buildConfigurationList = E963AE0D2C27F19600EB6B44 /* Build configuration list for PBXProject "Appertizers" */;
			compatibilityVersion = "Xcode 15.0";
			developmentRegion = en;
			hasScannedForEncodings = 0;
			knownRegions = (
				en,
				Base,
			);
			mainGroup = E963AE092C27F19600EB6B44;
			productRefGroup = E963AE132C27F19600EB6B44 /* Products */;
			projectDirPath = "";
			projectRoot = "";
			targets = (
				E963AE112C27F19600EB6B44 /* Appertizers */,
			);
		};
/* End PBXProject section */

/* Begin PBXResourcesBuildPhase section */
		E963AE102C27F19600EB6B44 /* Resources */ = {
			isa = PBXResourcesBuildPhase;
			buildActionMask = 2147483647;
			files = (
				E963AE1D2C27F19800EB6B44 /* Preview Assets.xcassets in Resources */,
				E963AE1A2C27F19800EB6B44 /* Assets.xcassets in Resources */,
			);
			runOnlyForDeploymentPostprocessing = 0;
		};
/* End PBXResourcesBuildPhase section */

/* Begin PBXSourcesBuildPhase section */
		E963AE0E2C27F19600EB6B44 /* Sources */ = {
			isa = PBXSourcesBuildPhase;
			buildActionMask = 2147483647;
			files = (
				E9D05EE12C2806BC00F0BF7B /* AccountView.swift in Sources */,
				E9D05EE52C2808C900F0BF7B /* Appertizer.swift in Sources */,
				E963AE182C27F19600EB6B44 /* AppertizersTabView.swift in Sources */,
				E963AE162C27F19600EB6B44 /* AppertizersApp.swift in Sources */,
				E9D05EE32C28084500F0BF7B /* OrderView.swift in Sources */,
				E9D05EE72C28098A00F0BF7B /* MockData.swift in Sources */,
				E9D05EDF2C2805DF00F0BF7B /* AppertizersListView.swift in Sources */,
			);
			runOnlyForDeploymentPostprocessing = 0;
		};
/* End PBXSourcesBuildPhase section */

/* Begin XCBuildConfiguration section */
		E963AE1E2C27F19800EB6B44 /* Debug */ = {
			isa = XCBuildConfiguration;
			buildSettings = {
				ALWAYS_SEARCH_USER_PATHS = NO;
				ASSETCATALOG_COMPILER_GENERATE_SWIFT_ASSET_SYMBOL_EXTENSIONS = YES;
				CLANG_ANALYZER_NONNULL = YES;
				CLANG_ANALYZER_NUMBER_OBJECT_CONVERSION = YES_AGGRESSIVE;
				CLANG_CXX_LANGUAGE_STANDARD = "gnu++20";
				CLANG_ENABLE_MODULES = YES;
				CLANG_ENABLE_OBJC_ARC = YES;
				CLANG_ENABLE_OBJC_WEAK = YES;
				CLANG_WARN_BLOCK_CAPTURE_AUTORELEASING = YES;
				CLANG_WARN_BOOL_CONVERSION = YES;
				CLANG_WARN_COMMA = YES;
				CLANG_WARN_CONSTANT_CONVERSION = YES;
				CLANG_WARN_DEPRECATED_OBJC_IMPLEMENTATIONS = YES;
				CLANG_WARN_DIRECT_OBJC_ISA_USAGE = YES_ERROR;
				CLANG_WARN_DOCUMENTATION_COMMENTS = YES;
				CLANG_WARN_EMPTY_BODY = YES;
				CLANG_WARN_ENUM_CONVERSION = YES;
				CLANG_WARN_INFINITE_RECURSION = YES;
				CLANG_WARN_INT_CONVERSION = YES;
				CLANG_WARN_NON_LITERAL_NULL_CONVERSION = YES;
				CLANG_WARN_OBJC_IMPLICIT_RETAIN_SELF = YES;
				CLANG_WARN_OBJC_LITERAL_CONVERSION = YES;
				CLANG_WARN_OBJC_ROOT_CLASS = YES_ERROR;
				CLANG_WARN_QUOTED_INCLUDE_IN_FRAMEWORK_HEADER = YES;
				CLANG_WARN_RANGE_LOOP_ANALYSIS = YES;
				CLANG_WARN_STRICT_PROTOTYPES = YES;
				CLANG_WARN_SUSPICIOUS_MOVE = YES;
				CLANG_WARN_UNGUARDED_AVAILABILITY = YES_AGGRESSIVE;
				CLANG_WARN_UNREACHABLE_CODE = YES;
				CLANG_WARN__DUPLICATE_METHOD_MATCH = YES;
				COPY_PHASE_STRIP = NO;
				DEBUG_INFORMATION_FORMAT = dwarf;
				ENABLE_STRICT_OBJC_MSGSEND = YES;
				ENABLE_TESTABILITY = YES;
				ENABLE_USER_SCRIPT_SANDBOXING = YES;
				GCC_C_LANGUAGE_STANDARD = gnu17;
				GCC_DYNAMIC_NO_PIC = NO;
				GCC_NO_COMMON_BLOCKS = YES;
				GCC_OPTIMIZATION_LEVEL = 0;
				GCC_PREPROCESSOR_DEFINITIONS = (
					"DEBUG=1",
					"$(inherited)",
				);
				GCC_WARN_64_TO_32_BIT_CONVERSION = YES;
				GCC_WARN_ABOUT_RETURN_TYPE = YES_ERROR;
				GCC_WARN_UNDECLARED_SELECTOR = YES;
				GCC_WARN_UNINITIALIZED_AUTOS = YES_AGGRESSIVE;
				GCC_WARN_UNUSED_FUNCTION = YES;
				GCC_WARN_UNUSED_VARIABLE = YES;
				IPHONEOS_DEPLOYMENT_TARGET = 18.0;
				LOCALIZATION_PREFERS_STRING_CATALOGS = YES;
				MTL_ENABLE_DEBUG_INFO = INCLUDE_SOURCE;
				MTL_FAST_MATH = YES;
				ONLY_ACTIVE_ARCH = YES;
				SDKROOT = iphoneos;
				SWIFT_ACTIVE_COMPILATION_CONDITIONS = "DEBUG $(inherited)";
				SWIFT_OPTIMIZATION_LEVEL = "-Onone";
			};
			name = Debug;
		};
		E963AE1F2C27F19800EB6B44 /* Release */ = {
			isa = XCBuildConfiguration;
			buildSettings = {
				ALWAYS_SEARCH_USER_PATHS = NO;
				ASSETCATALOG_COMPILER_GENERATE_SWIFT_ASSET_SYMBOL_EXTENSIONS = YES;
				CLANG_ANALYZER_NONNULL = YES;
				CLANG_ANALYZER_NUMBER_OBJECT_CONVERSION = YES_AGGRESSIVE;
				CLANG_CXX_LANGUAGE_STANDARD = "gnu++20";
				CLANG_ENABLE_MODULES = YES;
				CLANG_ENABLE_OBJC_ARC = YES;
				CLANG_ENABLE_OBJC_WEAK = YES;
				CLANG_WARN_BLOCK_CAPTURE_AUTORELEASING = YES;
				CLANG_WARN_BOOL_CONVERSION = YES;
				CLANG_WARN_COMMA = YES;
				CLANG_WARN_CONSTANT_CONVERSION = YES;
				CLANG_WARN_DEPRECATED_OBJC_IMPLEMENTATIONS = YES;
				CLANG_WARN_DIRECT_OBJC_ISA_USAGE = YES_ERROR;
				CLANG_WARN_DOCUMENTATION_COMMENTS = YES;
				CLANG_WARN_EMPTY_BODY = YES;
				CLANG_WARN_ENUM_CONVERSION = YES;
				CLANG_WARN_INFINITE_RECURSION = YES;
				CLANG_WARN_INT_CONVERSION = YES;
				CLANG_WARN_NON_LITERAL_NULL_CONVERSION = YES;
				CLANG_WARN_OBJC_IMPLICIT_RETAIN_SELF = YES;
				CLANG_WARN_OBJC_LITERAL_CONVERSION = YES;
				CLANG_WARN_OBJC_ROOT_CLASS = YES_ERROR;
				CLANG_WARN_QUOTED_INCLUDE_IN_FRAMEWORK_HEADER = YES;
				CLANG_WARN_RANGE_LOOP_ANALYSIS = YES;
				CLANG_WARN_STRICT_PROTOTYPES = YES;
				CLANG_WARN_SUSPICIOUS_MOVE = YES;
				CLANG_WARN_UNGUARDED_AVAILABILITY = YES_AGGRESSIVE;
				CLANG_WARN_UNREACHABLE_CODE = YES;
				CLANG_WARN__DUPLICATE_METHOD_MATCH = YES;
				COPY_PHASE_STRIP = NO;
				DEBUG_INFORMATION_FORMAT = "dwarf-with-dsym";
				ENABLE_NS_ASSERTIONS = NO;
				ENABLE_STRICT_OBJC_MSGSEND = YES;
				ENABLE_USER_SCRIPT_SANDBOXING = YES;
				GCC_C_LANGUAGE_STANDARD = gnu17;
				GCC_NO_COMMON_BLOCKS = YES;
				GCC_WARN_64_TO_32_BIT_CONVERSION = YES;
				GCC_WARN_ABOUT_RETURN_TYPE = YES_ERROR;
				GCC_WARN_UNDECLARED_SELECTOR = YES;
				GCC_WARN_UNINITIALIZED_AUTOS = YES_AGGRESSIVE;
				GCC_WARN_UNUSED_FUNCTION = YES;
				GCC_WARN_UNUSED_VARIABLE = YES;
				IPHONEOS_DEPLOYMENT_TARGET = 18.0;
				LOCALIZATION_PREFERS_STRING_CATALOGS = YES;
				MTL_ENABLE_DEBUG_INFO = NO;
				MTL_FAST_MATH = YES;
				SDKROOT = iphoneos;
				SWIFT_COMPILATION_MODE = wholemodule;
				VALIDATE_PRODUCT = YES;
			};
			name = Release;
		};
		E963AE212C27F19800EB6B44 /* Debug */ = {
			isa = XCBuildConfiguration;
			buildSettings = {
				ASSETCATALOG_COMPILER_APPICON_NAME = AppIcon;
				ASSETCATALOG_COMPILER_GLOBAL_ACCENT_COLOR_NAME = AccentColor;
				CODE_SIGN_STYLE = Automatic;
				CURRENT_PROJECT_VERSION = 1;
				DEVELOPMENT_ASSET_PATHS = "\"Appertizers/Preview Content\"";
				DEVELOPMENT_TEAM = C366DWS54X;
				ENABLE_PREVIEWS = YES;
				GENERATE_INFOPLIST_FILE = YES;
				INFOPLIST_KEY_UIApplicationSceneManifest_Generation = YES;
				INFOPLIST_KEY_UIApplicationSupportsIndirectInputEvents = YES;
				INFOPLIST_KEY_UILaunchScreen_Generation = YES;
				INFOPLIST_KEY_UISupportedInterfaceOrientations_iPad = "UIInterfaceOrientationPortrait UIInterfaceOrientationPortraitUpsideDown UIInterfaceOrientationLandscapeLeft UIInterfaceOrientationLandscapeRight";
				INFOPLIST_KEY_UISupportedInterfaceOrientations_iPhone = "UIInterfaceOrientationPortrait UIInterfaceOrientationLandscapeLeft UIInterfaceOrientationLandscapeRight";
				LD_RUNPATH_SEARCH_PATHS = (
					"$(inherited)",
					"@executable_path/Frameworks",
				);
				MARKETING_VERSION = 1.0;
				PRODUCT_BUNDLE_IDENTIFIER = com.thaodoan.Appertizers;
				PRODUCT_NAME = "$(TARGET_NAME)";
				SWIFT_EMIT_LOC_STRINGS = YES;
				SWIFT_VERSION = 5.0;
				TARGETED_DEVICE_FAMILY = "1,2";
			};
			name = Debug;
		};
		E963AE222C27F19800EB6B44 /* Release */ = {
			isa = XCBuildConfiguration;
			buildSettings = {
				ASSETCATALOG_COMPILER_APPICON_NAME = AppIcon;
				ASSETCATALOG_COMPILER_GLOBAL_ACCENT_COLOR_NAME = AccentColor;
				CODE_SIGN_STYLE = Automatic;
				CURRENT_PROJECT_VERSION = 1;
				DEVELOPMENT_ASSET_PATHS = "\"Appertizers/Preview Content\"";
				DEVELOPMENT_TEAM = C366DWS54X;
				ENABLE_PREVIEWS = YES;
				GENERATE_INFOPLIST_FILE = YES;
				INFOPLIST_KEY_UIApplicationSceneManifest_Generation = YES;
				INFOPLIST_KEY_UIApplicationSupportsIndirectInputEvents = YES;
				INFOPLIST_KEY_UILaunchScreen_Generation = YES;
				INFOPLIST_KEY_UISupportedInterfaceOrientations_iPad = "UIInterfaceOrientationPortrait UIInterfaceOrientationPortraitUpsideDown UIInterfaceOrientationLandscapeLeft UIInterfaceOrientationLandscapeRight";
				INFOPLIST_KEY_UISupportedInterfaceOrientations_iPhone = "UIInterfaceOrientationPortrait UIInterfaceOrientationLandscapeLeft UIInterfaceOrientationLandscapeRight";
				LD_RUNPATH_SEARCH_PATHS = (
					"$(inherited)",
					"@executable_path/Frameworks",
				);
				MARKETING_VERSION = 1.0;
				PRODUCT_BUNDLE_IDENTIFIER = com.thaodoan.Appertizers;
				PRODUCT_NAME = "$(TARGET_NAME)";
				SWIFT_EMIT_LOC_STRINGS = YES;
				SWIFT_VERSION = 5.0;
				TARGETED_DEVICE_FAMILY = "1,2";
			};
			name = Release;
		};
/* End XCBuildConfiguration section */

/* Begin XCConfigurationList section */
		E963AE0D2C27F19600EB6B44 /* Build configuration list for PBXProject "Appertizers" */ = {
			isa = XCConfigurationList;
			buildConfigurations = (
				E963AE1E2C27F19800EB6B44 /* Debug */,
				E963AE1F2C27F19800EB6B44 /* Release */,
			);
			defaultConfigurationIsVisible = 0;
			defaultConfigurationName = Release;
		};
		E963AE202C27F19800EB6B44 /* Build configuration list for PBXNativeTarget "Appertizers" */ = {
			isa = XCConfigurationList;
			buildConfigurations = (
				E963AE212C27F19800EB6B44 /* Debug */,
				E963AE222C27F19800EB6B44 /* Release */,
			);
			defaultConfigurationIsVisible = 0;
			defaultConfigurationName = Release;
		};
/* End XCConfigurationList section */
	};
	rootObject = E963AE0A2C27F19600EB6B44 /* Project object */;
}
